// !$*UTF8*$!
{
	archiveVersion = 1;
	classes = {
	};
	objectVersion = 46;
	objects = {

/* Begin PBXBuildFile section */
		B33198A71C313F6B0041A74F /* VerbsModel.swift in Sources */ = {isa = PBXBuildFile; fileRef = B33198A61C313F6B0041A74F /* VerbsModel.swift */; };
		B354508F1C6543530057BF5F /* UIColorExtensions.swift in Sources */ = {isa = PBXBuildFile; fileRef = B354508E1C6543530057BF5F /* UIColorExtensions.swift */; };
		B35450911C66546E0057BF5F /* LaunchScreen.storyboard in Resources */ = {isa = PBXBuildFile; fileRef = B35450901C66546E0057BF5F /* LaunchScreen.storyboard */; };
		B38D8E181C22182200F1CEB7 /* AppDelegate.swift in Sources */ = {isa = PBXBuildFile; fileRef = B38D8E171C22182200F1CEB7 /* AppDelegate.swift */; };
		B38D8E1F1C22182200F1CEB7 /* Assets.xcassets in Resources */ = {isa = PBXBuildFile; fileRef = B38D8E1E1C22182200F1CEB7 /* Assets.xcassets */; };
		B38D8E2A1C22186C00F1CEB7 /* README.md in Sources */ = {isa = PBXBuildFile; fileRef = B38D8E291C22186C00F1CEB7 /* README.md */; };
		B38D8E2C1C2364A000F1CEB7 /* WordsListViewController.swift in Sources */ = {isa = PBXBuildFile; fileRef = B38D8E2B1C2364A000F1CEB7 /* WordsListViewController.swift */; };
		B3D6F6051C693BF20029E4AF /* appPrev.gif in Resources */ = {isa = PBXBuildFile; fileRef = B3D6F6041C693BF20029E4AF /* appPrev.gif */; };
		B3E587C61C56BD7E00761CC7 /* Verb.swift in Sources */ = {isa = PBXBuildFile; fileRef = B3E587C51C56BD7E00761CC7 /* Verb.swift */; };
		B3E587C81C56C03100761CC7 /* VerbService.swift in Sources */ = {isa = PBXBuildFile; fileRef = B3E587C71C56C03100761CC7 /* VerbService.swift */; };
		B3E587CA1C5816D700761CC7 /* Const.swift in Sources */ = {isa = PBXBuildFile; fileRef = B3E587C91C5816D700761CC7 /* Const.swift */; };
		B3E6D1621C5CB9E1004FDBB2 /* SpeechSynthesizer.swift in Sources */ = {isa = PBXBuildFile; fileRef = B3E6D1611C5CB9E1004FDBB2 /* SpeechSynthesizer.swift */; };
		B3E6D1641C5CCF76004FDBB2 /* CardView.swift in Sources */ = {isa = PBXBuildFile; fileRef = B3E6D1631C5CCF76004FDBB2 /* CardView.swift */; };
		B3E6D1661C5CE192004FDBB2 /* CardViewContainer.swift in Sources */ = {isa = PBXBuildFile; fileRef = B3E6D1651C5CE192004FDBB2 /* CardViewContainer.swift */; };
		B3E78C511C67A68C00A3E876 /* Irregular_verbsTests.swift in Sources */ = {isa = PBXBuildFile; fileRef = B3E78C501C67A68C00A3E876 /* Irregular_verbsTests.swift */; };
		B3E78C591C67A95A00A3E876 /* VerbsModelTests.swift in Sources */ = {isa = PBXBuildFile; fileRef = B3E78C581C67A95A00A3E876 /* VerbsModelTests.swift */; };
		B3EBA9331C388A1C0004B5AA /* VerbsTableViewCell.swift in Sources */ = {isa = PBXBuildFile; fileRef = B3EBA9321C388A1C0004B5AA /* VerbsTableViewCell.swift */; };
/* End PBXBuildFile section */

/* Begin PBXContainerItemProxy section */
		B3E78C531C67A68C00A3E876 /* PBXContainerItemProxy */ = {
			isa = PBXContainerItemProxy;
			containerPortal = B38D8E0C1C22182200F1CEB7 /* Project object */;
			proxyType = 1;
			remoteGlobalIDString = B38D8E131C22182200F1CEB7;
			remoteInfo = "Irregular verbs";
		};
/* End PBXContainerItemProxy section */

/* Begin PBXFileReference section */
		B33198A61C313F6B0041A74F /* VerbsModel.swift */ = {isa = PBXFileReference; fileEncoding = 4; lastKnownFileType = sourcecode.swift; path = VerbsModel.swift; sourceTree = "<group>"; };
		B354508E1C6543530057BF5F /* UIColorExtensions.swift */ = {isa = PBXFileReference; fileEncoding = 4; lastKnownFileType = sourcecode.swift; path = UIColorExtensions.swift; sourceTree = "<group>"; };
		B35450901C66546E0057BF5F /* LaunchScreen.storyboard */ = {isa = PBXFileReference; fileEncoding = 4; lastKnownFileType = file.storyboard; path = LaunchScreen.storyboard; sourceTree = "<group>"; };
		B38D8E141C22182200F1CEB7 /* Irregular verbs.app */ = {isa = PBXFileReference; explicitFileType = wrapper.application; includeInIndex = 0; path = "Irregular verbs.app"; sourceTree = BUILT_PRODUCTS_DIR; };
		B38D8E171C22182200F1CEB7 /* AppDelegate.swift */ = {isa = PBXFileReference; lastKnownFileType = sourcecode.swift; path = AppDelegate.swift; sourceTree = "<group>"; };
		B38D8E1E1C22182200F1CEB7 /* Assets.xcassets */ = {isa = PBXFileReference; lastKnownFileType = folder.assetcatalog; path = Assets.xcassets; sourceTree = "<group>"; };
		B38D8E231C22182200F1CEB7 /* Info.plist */ = {isa = PBXFileReference; lastKnownFileType = text.plist.xml; path = Info.plist; sourceTree = "<group>"; };
		B38D8E291C22186C00F1CEB7 /* README.md */ = {isa = PBXFileReference; fileEncoding = 4; lastKnownFileType = net.daringfireball.markdown; path = README.md; sourceTree = "<group>"; };
		B38D8E2B1C2364A000F1CEB7 /* WordsListViewController.swift */ = {isa = PBXFileReference; fileEncoding = 4; lastKnownFileType = sourcecode.swift; path = WordsListViewController.swift; sourceTree = "<group>"; };
		B3D6F6041C693BF20029E4AF /* appPrev.gif */ = {isa = PBXFileReference; lastKnownFileType = image.gif; path = appPrev.gif; sourceTree = "<group>"; };
		B3E587C51C56BD7E00761CC7 /* Verb.swift */ = {isa = PBXFileReference; fileEncoding = 4; lastKnownFileType = sourcecode.swift; path = Verb.swift; sourceTree = "<group>"; };
		B3E587C71C56C03100761CC7 /* VerbService.swift */ = {isa = PBXFileReference; fileEncoding = 4; lastKnownFileType = sourcecode.swift; path = VerbService.swift; sourceTree = "<group>"; };
		B3E587C91C5816D700761CC7 /* Const.swift */ = {isa = PBXFileReference; fileEncoding = 4; lastKnownFileType = sourcecode.swift; path = Const.swift; sourceTree = "<group>"; };
		B3E6D1611C5CB9E1004FDBB2 /* SpeechSynthesizer.swift */ = {isa = PBXFileReference; fileEncoding = 4; lastKnownFileType = sourcecode.swift; path = SpeechSynthesizer.swift; sourceTree = "<group>"; };
		B3E6D1631C5CCF76004FDBB2 /* CardView.swift */ = {isa = PBXFileReference; fileEncoding = 4; lastKnownFileType = sourcecode.swift; path = CardView.swift; sourceTree = "<group>"; };
		B3E6D1651C5CE192004FDBB2 /* CardViewContainer.swift */ = {isa = PBXFileReference; fileEncoding = 4; lastKnownFileType = sourcecode.swift; path = CardViewContainer.swift; sourceTree = "<group>"; };
		B3E78C4E1C67A68C00A3E876 /* Irregular verbsTests.xctest */ = {isa = PBXFileReference; explicitFileType = wrapper.cfbundle; includeInIndex = 0; path = "Irregular verbsTests.xctest"; sourceTree = BUILT_PRODUCTS_DIR; };
		B3E78C501C67A68C00A3E876 /* Irregular_verbsTests.swift */ = {isa = PBXFileReference; lastKnownFileType = sourcecode.swift; path = Irregular_verbsTests.swift; sourceTree = "<group>"; };
		B3E78C521C67A68C00A3E876 /* Info.plist */ = {isa = PBXFileReference; lastKnownFileType = text.plist.xml; path = Info.plist; sourceTree = "<group>"; };
		B3E78C581C67A95A00A3E876 /* VerbsModelTests.swift */ = {isa = PBXFileReference; fileEncoding = 4; lastKnownFileType = sourcecode.swift; path = VerbsModelTests.swift; sourceTree = "<group>"; };
		B3EBA9321C388A1C0004B5AA /* VerbsTableViewCell.swift */ = {isa = PBXFileReference; fileEncoding = 4; lastKnownFileType = sourcecode.swift; path = VerbsTableViewCell.swift; sourceTree = "<group>"; };
/* End PBXFileReference section */

/* Begin PBXFrameworksBuildPhase section */
		B38D8E111C22182200F1CEB7 /* Frameworks */ = {
			isa = PBXFrameworksBuildPhase;
			buildActionMask = 2147483647;
			files = (
			);
			runOnlyForDeploymentPostprocessing = 0;
		};
		B3E78C4B1C67A68C00A3E876 /* Frameworks */ = {
			isa = PBXFrameworksBuildPhase;
			buildActionMask = 2147483647;
			files = (
			);
			runOnlyForDeploymentPostprocessing = 0;
		};
/* End PBXFrameworksBuildPhase section */

/* Begin PBXGroup section */
		B38D8E0B1C22182200F1CEB7 = {
			isa = PBXGroup;
			children = (
				B38D8E291C22186C00F1CEB7 /* README.md */,
				B3D6F6041C693BF20029E4AF /* appPrev.gif */,
				B38D8E161C22182200F1CEB7 /* Irregular verbs */,
				B3E78C4F1C67A68C00A3E876 /* Irregular verbsTests */,
				B38D8E151C22182200F1CEB7 /* Products */,
			);
			sourceTree = "<group>";
		};
		B38D8E151C22182200F1CEB7 /* Products */ = {
			isa = PBXGroup;
			children = (
				B38D8E141C22182200F1CEB7 /* Irregular verbs.app */,
				B3E78C4E1C67A68C00A3E876 /* Irregular verbsTests.xctest */,
			);
			name = Products;
			sourceTree = "<group>";
		};
		B38D8E161C22182200F1CEB7 /* Irregular verbs */ = {
			isa = PBXGroup;
			children = (
				B35450901C66546E0057BF5F /* LaunchScreen.storyboard */,
				B38D8E171C22182200F1CEB7 /* AppDelegate.swift */,
				B38D8E1E1C22182200F1CEB7 /* Assets.xcassets */,
				B38D8E231C22182200F1CEB7 /* Info.plist */,
				B3E587C91C5816D700761CC7 /* Const.swift */,
				B354508E1C6543530057BF5F /* UIColorExtensions.swift */,
				B38D8E2B1C2364A000F1CEB7 /* WordsListViewController.swift */,
				B3EBA9321C388A1C0004B5AA /* VerbsTableViewCell.swift */,
				B3E6D1631C5CCF76004FDBB2 /* CardView.swift */,
				B3E6D1651C5CE192004FDBB2 /* CardViewContainer.swift */,
				B3E587C51C56BD7E00761CC7 /* Verb.swift */,
				B3E587C71C56C03100761CC7 /* VerbService.swift */,
				B33198A61C313F6B0041A74F /* VerbsModel.swift */,
				B3E6D1611C5CB9E1004FDBB2 /* SpeechSynthesizer.swift */,
			);
			path = "Irregular verbs";
			sourceTree = "<group>";
		};
		B3E78C4F1C67A68C00A3E876 /* Irregular verbsTests */ = {
			isa = PBXGroup;
			children = (
				B3E78C501C67A68C00A3E876 /* Irregular_verbsTests.swift */,
				B3E78C521C67A68C00A3E876 /* Info.plist */,
				B3E78C581C67A95A00A3E876 /* VerbsModelTests.swift */,
			);
			path = "Irregular verbsTests";
			sourceTree = "<group>";
		};
/* End PBXGroup section */

/* Begin PBXNativeTarget section */
		B38D8E131C22182200F1CEB7 /* Irregular verbs */ = {
			isa = PBXNativeTarget;
			buildConfigurationList = B38D8E261C22182200F1CEB7 /* Build configuration list for PBXNativeTarget "Irregular verbs" */;
			buildPhases = (
				B38D8E101C22182200F1CEB7 /* Sources */,
				B38D8E111C22182200F1CEB7 /* Frameworks */,
				B38D8E121C22182200F1CEB7 /* Resources */,
			);
			buildRules = (
			);
			dependencies = (
			);
			name = "Irregular verbs";
			productName = "Irregular verbs";
			productReference = B38D8E141C22182200F1CEB7 /* Irregular verbs.app */;
			productType = "com.apple.product-type.application";
		};
		B3E78C4D1C67A68C00A3E876 /* Irregular verbsTests */ = {
			isa = PBXNativeTarget;
			buildConfigurationList = B3E78C551C67A68C00A3E876 /* Build configuration list for PBXNativeTarget "Irregular verbsTests" */;
			buildPhases = (
				B3E78C4A1C67A68C00A3E876 /* Sources */,
				B3E78C4B1C67A68C00A3E876 /* Frameworks */,
				B3E78C4C1C67A68C00A3E876 /* Resources */,
			);
			buildRules = (
			);
			dependencies = (
				B3E78C541C67A68C00A3E876 /* PBXTargetDependency */,
			);
			name = "Irregular verbsTests";
			productName = "Irregular verbsTests";
			productReference = B3E78C4E1C67A68C00A3E876 /* Irregular verbsTests.xctest */;
			productType = "com.apple.product-type.bundle.unit-test";
		};
/* End PBXNativeTarget section */

/* Begin PBXProject section */
		B38D8E0C1C22182200F1CEB7 /* Project object */ = {
			isa = PBXProject;
			attributes = {
				LastSwiftUpdateCheck = 0720;
				LastUpgradeCheck = 0720;
				ORGANIZATIONNAME = "Slawomir Sowinski";
				TargetAttributes = {
					B38D8E131C22182200F1CEB7 = {
						CreatedOnToolsVersion = 7.2;
						DevelopmentTeam = L2G8Z3L5L6;
					};
					B3E78C4D1C67A68C00A3E876 = {
						CreatedOnToolsVersion = 7.2.1;
						DevelopmentTeam = L2G8Z3L5L6;
						TestTargetID = B38D8E131C22182200F1CEB7;
					};
				};
			};
			buildConfigurationList = B38D8E0F1C22182200F1CEB7 /* Build configuration list for PBXProject "Irregular verbs" */;
			compatibilityVersion = "Xcode 3.2";
			developmentRegion = English;
			hasScannedForEncodings = 0;
			knownRegions = (
				en,
				Base,
			);
			mainGroup = B38D8E0B1C22182200F1CEB7;
			productRefGroup = B38D8E151C22182200F1CEB7 /* Products */;
			projectDirPath = "";
			projectRoot = "";
			targets = (
				B38D8E131C22182200F1CEB7 /* Irregular verbs */,
				B3E78C4D1C67A68C00A3E876 /* Irregular verbsTests */,
			);
		};
/* End PBXProject section */

/* Begin PBXResourcesBuildPhase section */
		B38D8E121C22182200F1CEB7 /* Resources */ = {
			isa = PBXResourcesBuildPhase;
			buildActionMask = 2147483647;
			files = (
				B38D8E1F1C22182200F1CEB7 /* Assets.xcassets in Resources */,
				B3D6F6051C693BF20029E4AF /* appPrev.gif in Resources */,
				B35450911C66546E0057BF5F /* LaunchScreen.storyboard in Resources */,
			);
			runOnlyForDeploymentPostprocessing = 0;
		};
		B3E78C4C1C67A68C00A3E876 /* Resources */ = {
			isa = PBXResourcesBuildPhase;
			buildActionMask = 2147483647;
			files = (
			);
			runOnlyForDeploymentPostprocessing = 0;
		};
/* End PBXResourcesBuildPhase section */

/* Begin PBXSourcesBuildPhase section */
		B38D8E101C22182200F1CEB7 /* Sources */ = {
			isa = PBXSourcesBuildPhase;
			buildActionMask = 2147483647;
			files = (
				B38D8E2A1C22186C00F1CEB7 /* README.md in Sources */,
				B38D8E181C22182200F1CEB7 /* AppDelegate.swift in Sources */,
				B3E587C61C56BD7E00761CC7 /* Verb.swift in Sources */,
				B354508F1C6543530057BF5F /* UIColorExtensions.swift in Sources */,
				B3E6D1621C5CB9E1004FDBB2 /* SpeechSynthesizer.swift in Sources */,
				B3E587CA1C5816D700761CC7 /* Const.swift in Sources */,
				B3E6D1661C5CE192004FDBB2 /* CardViewContainer.swift in Sources */,
				B3E587C81C56C03100761CC7 /* VerbService.swift in Sources */,
				B3EBA9331C388A1C0004B5AA /* VerbsTableViewCell.swift in Sources */,
				B33198A71C313F6B0041A74F /* VerbsModel.swift in Sources */,
				B3E6D1641C5CCF76004FDBB2 /* CardView.swift in Sources */,
				B38D8E2C1C2364A000F1CEB7 /* WordsListViewController.swift in Sources */,
			);
			runOnlyForDeploymentPostprocessing = 0;
		};
		B3E78C4A1C67A68C00A3E876 /* Sources */ = {
			isa = PBXSourcesBuildPhase;
			buildActionMask = 2147483647;
			files = (
				B3E78C591C67A95A00A3E876 /* VerbsModelTests.swift in Sources */,
				B3E78C511C67A68C00A3E876 /* Irregular_verbsTests.swift in Sources */,
			);
			runOnlyForDeploymentPostprocessing = 0;
		};
/* End PBXSourcesBuildPhase section */

/* Begin PBXTargetDependency section */
		B3E78C541C67A68C00A3E876 /* PBXTargetDependency */ = {
			isa = PBXTargetDependency;
			target = B38D8E131C22182200F1CEB7 /* Irregular verbs */;
			targetProxy = B3E78C531C67A68C00A3E876 /* PBXContainerItemProxy */;
		};
/* End PBXTargetDependency section */

/* Begin XCBuildConfiguration section */
		B38D8E241C22182200F1CEB7 /* Debug */ = {
			isa = XCBuildConfiguration;
			buildSettings = {
				ALWAYS_SEARCH_USER_PATHS = NO;
				CLANG_CXX_LANGUAGE_STANDARD = "gnu++0x";
				CLANG_CXX_LIBRARY = "libc++";
				CLANG_ENABLE_MODULES = YES;
				CLANG_ENABLE_OBJC_ARC = YES;
				CLANG_WARN_BOOL_CONVERSION = YES;
				CLANG_WARN_CONSTANT_CONVERSION = YES;
				CLANG_WARN_DIRECT_OBJC_ISA_USAGE = YES_ERROR;
				CLANG_WARN_EMPTY_BODY = YES;
				CLANG_WARN_ENUM_CONVERSION = YES;
				CLANG_WARN_INT_CONVERSION = YES;
				CLANG_WARN_OBJC_ROOT_CLASS = YES_ERROR;
				CLANG_WARN_UNREACHABLE_CODE = YES;
				CLANG_WARN__DUPLICATE_METHOD_MATCH = YES;
				"CODE_SIGN_IDENTITY[sdk=iphoneos*]" = "iPhone Developer";
				COPY_PHASE_STRIP = NO;
				DEBUG_INFORMATION_FORMAT = dwarf;
				ENABLE_STRICT_OBJC_MSGSEND = YES;
				ENABLE_TESTABILITY = YES;
				GCC_C_LANGUAGE_STANDARD = gnu99;
				GCC_DYNAMIC_NO_PIC = NO;
				GCC_NO_COMMON_BLOCKS = YES;
				GCC_OPTIMIZATION_LEVEL = 0;
				GCC_PREPROCESSOR_DEFINITIONS = (
					"DEBUG=1",
					"$(inherited)",
				);
				GCC_WARN_64_TO_32_BIT_CONVERSION = YES;
				GCC_WARN_ABOUT_RETURN_TYPE = YES_ERROR;
				GCC_WARN_UNDECLARED_SELECTOR = YES;
				GCC_WARN_UNINITIALIZED_AUTOS = YES_AGGRESSIVE;
				GCC_WARN_UNUSED_FUNCTION = YES;
				GCC_WARN_UNUSED_VARIABLE = YES;
				IPHONEOS_DEPLOYMENT_TARGET = 9.2;
				MTL_ENABLE_DEBUG_INFO = YES;
				ONLY_ACTIVE_ARCH = YES;
				SDKROOT = iphoneos;
				SWIFT_OPTIMIZATION_LEVEL = "-Onone";
				TARGETED_DEVICE_FAMILY = "1,2";
			};
			name = Debug;
		};
		B38D8E251C22182200F1CEB7 /* Release */ = {
			isa = XCBuildConfiguration;
			buildSettings = {
				ALWAYS_SEARCH_USER_PATHS = NO;
				CLANG_CXX_LANGUAGE_STANDARD = "gnu++0x";
				CLANG_CXX_LIBRARY = "libc++";
				CLANG_ENABLE_MODULES = YES;
				CLANG_ENABLE_OBJC_ARC = YES;
				CLANG_WARN_BOOL_CONVERSION = YES;
				CLANG_WARN_CONSTANT_CONVERSION = YES;
				CLANG_WARN_DIRECT_OBJC_ISA_USAGE = YES_ERROR;
				CLANG_WARN_EMPTY_BODY = YES;
				CLANG_WARN_ENUM_CONVERSION = YES;
				CLANG_WARN_INT_CONVERSION = YES;
				CLANG_WARN_OBJC_ROOT_CLASS = YES_ERROR;
				CLANG_WARN_UNREACHABLE_CODE = YES;
				CLANG_WARN__DUPLICATE_METHOD_MATCH = YES;
				"CODE_SIGN_IDENTITY[sdk=iphoneos*]" = "iPhone Developer";
				COPY_PHASE_STRIP = NO;
				DEBUG_INFORMATION_FORMAT = "dwarf-with-dsym";
				ENABLE_NS_ASSERTIONS = NO;
				ENABLE_STRICT_OBJC_MSGSEND = YES;
				GCC_C_LANGUAGE_STANDARD = gnu99;
				GCC_NO_COMMON_BLOCKS = YES;
				GCC_WARN_64_TO_32_BIT_CONVERSION = YES;
				GCC_WARN_ABOUT_RETURN_TYPE = YES_ERROR;
				GCC_WARN_UNDECLARED_SELECTOR = YES;
				GCC_WARN_UNINITIALIZED_AUTOS = YES_AGGRESSIVE;
				GCC_WARN_UNUSED_FUNCTION = YES;
				GCC_WARN_UNUSED_VARIABLE = YES;
				IPHONEOS_DEPLOYMENT_TARGET = 9.2;
				MTL_ENABLE_DEBUG_INFO = NO;
				SDKROOT = iphoneos;
				TARGETED_DEVICE_FAMILY = "1,2";
				VALIDATE_PRODUCT = YES;
			};
			name = Release;
		};
		B38D8E271C22182200F1CEB7 /* Debug */ = {
			isa = XCBuildConfiguration;
			buildSettings = {
				ASSETCATALOG_COMPILER_APPICON_NAME = AppIcon;
				INFOPLIST_FILE = "Irregular verbs/Info.plist";
				LD_RUNPATH_SEARCH_PATHS = "$(inherited) @executable_path/Frameworks";
				PRODUCT_BUNDLE_IDENTIFIER = "nullum.eu.Irregular-verbs";
				PRODUCT_NAME = "$(TARGET_NAME)";
			};
			name = Debug;
		};
		B38D8E281C22182200F1CEB7 /* Release */ = {
			isa = XCBuildConfiguration;
			buildSettings = {
				ASSETCATALOG_COMPILER_APPICON_NAME = AppIcon;
				INFOPLIST_FILE = "Irregular verbs/Info.plist";
				LD_RUNPATH_SEARCH_PATHS = "$(inherited) @executable_path/Frameworks";
				PRODUCT_BUNDLE_IDENTIFIER = "nullum.eu.Irregular-verbs";
				PRODUCT_NAME = "$(TARGET_NAME)";
			};
			name = Release;
		};
		B3E78C561C67A68C00A3E876 /* Debug */ = {
			isa = XCBuildConfiguration;
			buildSettings = {
				BUNDLE_LOADER = "$(TEST_HOST)";
				INFOPLIST_FILE = "Irregular verbsTests/Info.plist";
				LD_RUNPATH_SEARCH_PATHS = "$(inherited) @executable_path/Frameworks @loader_path/Frameworks";
				PRODUCT_BUNDLE_IDENTIFIER = "nullum.eu.Irregular-verbsTests";
				PRODUCT_NAME = "$(TARGET_NAME)";
				TEST_HOST = "$(BUILT_PRODUCTS_DIR)/Irregular verbs.app/Irregular verbs";
			};
			name = Debug;
		};
		B3E78C571C67A68C00A3E876 /* Release */ = {
			isa = XCBuildConfiguration;
			buildSettings = {
				BUNDLE_LOADER = "$(TEST_HOST)";
				INFOPLIST_FILE = "Irregular verbsTests/Info.plist";
				LD_RUNPATH_SEARCH_PATHS = "$(inherited) @executable_path/Frameworks @loader_path/Frameworks";
				PRODUCT_BUNDLE_IDENTIFIER = "nullum.eu.Irregular-verbsTests";
				PRODUCT_NAME = "$(TARGET_NAME)";
				TEST_HOST = "$(BUILT_PRODUCTS_DIR)/Irregular verbs.app/Irregular verbs";
			};
			name = Release;
		};
/* End XCBuildConfiguration section */

/* Begin XCConfigurationList section */
		B38D8E0F1C22182200F1CEB7 /* Build configuration list for PBXProject "Irregular verbs" */ = {
			isa = XCConfigurationList;
			buildConfigurations = (
				B38D8E241C22182200F1CEB7 /* Debug */,
				B38D8E251C22182200F1CEB7 /* Release */,
			);
			defaultConfigurationIsVisible = 0;
			defaultConfigurationName = Release;
		};
		B38D8E261C22182200F1CEB7 /* Build configuration list for PBXNativeTarget "Irregular verbs" */ = {
			isa = XCConfigurationList;
			buildConfigurations = (
				B38D8E271C22182200F1CEB7 /* Debug */,
				B38D8E281C22182200F1CEB7 /* Release */,
			);
			defaultConfigurationIsVisible = 0;
			defaultConfigurationName = Release;
		};
		B3E78C551C67A68C00A3E876 /* Build configuration list for PBXNativeTarget "Irregular verbsTests" */ = {
			isa = XCConfigurationList;
			buildConfigurations = (
				B3E78C561C67A68C00A3E876 /* Debug */,
				B3E78C571C67A68C00A3E876 /* Release */,
			);
			defaultConfigurationIsVisible = 0;
			defaultConfigurationName = Release;
		};
/* End XCConfigurationList section */
	};
	rootObject = B38D8E0C1C22182200F1CEB7 /* Project object */;
}
